
Microsoft Visual Studio Solution File, Format Version 12.00
# Visual Studio Version 17
VisualStudioVersion = 17.3.32929.385
MinimumVisualStudioVersion = 10.0.40219.1
Project("{C7167F0D-BC9F-4E6E-AFE1-012C56B48DB5}") = "App_ALLCOM (Package)", "App2\App2 (Package)\App_ALLCOM (Package).wapproj", "{D396A90B-67F2-435F-9CA9-3031DEE3973E}"
EndProject
Project("{9A19103F-16F7-4668-BE54-9A1E7A4F7556}") = "App_ALLCOM", "App2\App2\App_ALLCOM.csproj", "{5F332E24-EE15-4F2B-876E-D0FC570B6E26}"
EndProject
Global
	GlobalSection(SolutionConfigurationPlatforms) = preSolution
		Debug|arm64 = Debug|arm64
		Debug|x64 = Debug|x64
		Debug|x86 = Debug|x86
		Release|arm64 = Release|arm64
		Release|x64 = Release|x64
		Release|x86 = Release|x86
	EndGlobalSection
	GlobalSection(ProjectConfigurationPlatforms) = postSolution
		{D396A90B-67F2-435F-9CA9-3031DEE3973E}.Debug|arm64.ActiveCfg = Debug|arm64
		{D396A90B-67F2-435F-9CA9-3031DEE3973E}.Debug|arm64.Build.0 = Debug|arm64
		{D396A90B-67F2-435F-9CA9-3031DEE3973E}.Debug|arm64.Deploy.0 = Debug|arm64
		{D396A90B-67F2-435F-9CA9-3031DEE3973E}.Debug|x64.ActiveCfg = Debug|x64
		{D396A90B-67F2-435F-9CA9-3031DEE3973E}.Debug|x64.Build.0 = Debug|x64
		{D396A90B-67F2-435F-9CA9-3031DEE3973E}.Debug|x64.Deploy.0 = Debug|x64
		{D396A90B-67F2-435F-9CA9-3031DEE3973E}.Debug|x86.ActiveCfg = Debug|x86
		{D396A90B-67F2-435F-9CA9-3031DEE3973E}.Debug|x86.Build.0 = Debug|x86
		{D396A90B-67F2-435F-9CA9-3031DEE3973E}.Debug|x86.Deploy.0 = Debug|x86
		{D396A90B-67F2-435F-9CA9-3031DEE3973E}.Release|arm64.ActiveCfg = Release|arm64
		{D396A90B-67F2-435F-9CA9-3031DEE3973E}.Release|arm64.Build.0 = Release|arm64
		{D396A90B-67F2-435F-9CA9-3031DEE3973E}.Release|arm64.Deploy.0 = Release|arm64
		{D396A90B-67F2-435F-9CA9-3031DEE3973E}.Release|x64.ActiveCfg = Release|x64
		{D396A90B-67F2-435F-9CA9-3031DEE3973E}.Release|x64.Build.0 = Release|x64
		{D396A90B-67F2-435F-9CA9-3031DEE3973E}.Release|x64.Deploy.0 = Release|x64
		{D396A90B-67F2-435F-9CA9-3031DEE3973E}.Release|x86.ActiveCfg = Release|x86
		{D396A90B-67F2-435F-9CA9-3031DEE3973E}.Release|x86.Build.0 = Release|x86
		{D396A90B-67F2-435F-9CA9-3031DEE3973E}.Release|x86.Deploy.0 = Release|x86
		{5F332E24-EE15-4F2B-876E-D0FC570B6E26}.Debug|arm64.ActiveCfg = Debug|arm64
		{5F332E24-EE15-4F2B-876E-D0FC570B6E26}.Debug|arm64.Build.0 = Debug|arm64
		{5F332E24-EE15-4F2B-876E-D0FC570B6E26}.Debug|x64.ActiveCfg = Debug|x64
		{5F332E24-EE15-4F2B-876E-D0FC570B6E26}.Debug|x64.Build.0 = Debug|x64
		{5F332E24-EE15-4F2B-876E-D0FC570B6E26}.Debug|x86.ActiveCfg = Debug|x86
		{5F332E24-EE15-4F2B-876E-D0FC570B6E26}.Debug|x86.Build.0 = Debug|x86
		{5F332E24-EE15-4F2B-876E-D0FC570B6E26}.Release|arm64.ActiveCfg = Release|arm64
		{5F332E24-EE15-4F2B-876E-D0FC570B6E26}.Release|arm64.Build.0 = Release|arm64
		{5F332E24-EE15-4F2B-876E-D0FC570B6E26}.Release|x64.ActiveCfg = Release|x64
		{5F332E24-EE15-4F2B-876E-D0FC570B6E26}.Release|x64.Build.0 = Release|x64
		{5F332E24-EE15-4F2B-876E-D0FC570B6E26}.Release|x86.ActiveCfg = Release|x86
		{5F332E24-EE15-4F2B-876E-D0FC570B6E26}.Release|x86.Build.0 = Release|x86
	EndGlobalSection
	GlobalSection(SolutionProperties) = preSolution
		HideSolutionNode = FALSE
	EndGlobalSection
	GlobalSection(ExtensibilityGlobals) = postSolution
		SolutionGuid = {CF3D0BE3-9897-4EA3-9E5A-F98D848694D6}
	EndGlobalSection
EndGlobal
